// !$*UTF8*$!
{
	archiveVersion = 1;
	classes = {
	};
	objectVersion = 77;
	objects = {

/* Begin PBXBuildFile section */
		3953CBFB2D64C04D00F18F56 /* Domain in Frameworks */ = {isa = PBXBuildFile; productRef = 3953CBFA2D64C04D00F18F56 /* Domain */; };
/* End PBXBuildFile section */

/* Begin PBXContainerItemProxy section */
		3953CBC52D64B4A800F18F56 /* PBXContainerItemProxy */ = {
			isa = PBXContainerItemProxy;
			containerPortal = 3953CBA62D64B4A600F18F56 /* Project object */;
			proxyType = 1;
			remoteGlobalIDString = 3953CBAD2D64B4A600F18F56;
			remoteInfo = UserManagerTymeX;
		};
		3953CBCF2D64B4A800F18F56 /* PBXContainerItemProxy */ = {
			isa = PBXContainerItemProxy;
			containerPortal = 3953CBA62D64B4A600F18F56 /* Project object */;
			proxyType = 1;
			remoteGlobalIDString = 3953CBAD2D64B4A600F18F56;
			remoteInfo = UserManagerTymeX;
		};
/* End PBXContainerItemProxy section */

/* Begin PBXFileReference section */
		3953CBAE2D64B4A600F18F56 /* UserManagerTymeX.app */ = {isa = PBXFileReference; explicitFileType = wrapper.application; includeInIndex = 0; path = UserManagerTymeX.app; sourceTree = BUILT_PRODUCTS_DIR; };
		3953CBC42D64B4A800F18F56 /* UserManagerTymeXTests.xctest */ = {isa = PBXFileReference; explicitFileType = wrapper.cfbundle; includeInIndex = 0; path = UserManagerTymeXTests.xctest; sourceTree = BUILT_PRODUCTS_DIR; };
		3953CBCE2D64B4A800F18F56 /* UserManagerTymeXUITests.xctest */ = {isa = PBXFileReference; explicitFileType = wrapper.cfbundle; includeInIndex = 0; path = UserManagerTymeXUITests.xctest; sourceTree = BUILT_PRODUCTS_DIR; };
/* End PBXFileReference section */

/* Begin PBXFileSystemSynchronizedBuildFileExceptionSet section */
		3953CBD62D64B4A800F18F56 /* Exceptions for "UserManagerTymeX" folder in "UserManagerTymeX" target */ = {
			isa = PBXFileSystemSynchronizedBuildFileExceptionSet;
			membershipExceptions = (
				Info.plist,
			);
			target = 3953CBAD2D64B4A600F18F56 /* UserManagerTymeX */;
		};
/* End PBXFileSystemSynchronizedBuildFileExceptionSet section */

/* Begin PBXFileSystemSynchronizedRootGroup section */
		3953CBB02D64B4A600F18F56 /* UserManagerTymeX */ = {
			isa = PBXFileSystemSynchronizedRootGroup;
			exceptions = (
				3953CBD62D64B4A800F18F56 /* Exceptions for "UserManagerTymeX" folder in "UserManagerTymeX" target */,
			);
			path = UserManagerTymeX;
			sourceTree = "<group>";
		};
		3953CBC72D64B4A800F18F56 /* UserManagerTymeXTests */ = {
			isa = PBXFileSystemSynchronizedRootGroup;
			path = UserManagerTymeXTests;
			sourceTree = "<group>";
		};
		3953CBD12D64B4A800F18F56 /* UserManagerTymeXUITests */ = {
			isa = PBXFileSystemSynchronizedRootGroup;
			path = UserManagerTymeXUITests;
			sourceTree = "<group>";
		};
/* End PBXFileSystemSynchronizedRootGroup section */

/* Begin PBXFrameworksBuildPhase section */
		3953CBAB2D64B4A600F18F56 /* Frameworks */ = {
			isa = PBXFrameworksBuildPhase;
			buildActionMask = 2147483647;
			files = (
				3953CBFB2D64C04D00F18F56 /* Domain in Frameworks */,
			);
			runOnlyForDeploymentPostprocessing = 0;
		};
		3953CBC12D64B4A800F18F56 /* Frameworks */ = {
			isa = PBXFrameworksBuildPhase;
			buildActionMask = 2147483647;
			files = (
			);
			runOnlyForDeploymentPostprocessing = 0;
		};
		3953CBCB2D64B4A800F18F56 /* Frameworks */ = {
			isa = PBXFrameworksBuildPhase;
			buildActionMask = 2147483647;
			files = (
			);
			runOnlyForDeploymentPostprocessing = 0;
		};
/* End PBXFrameworksBuildPhase section */

/* Begin PBXGroup section */
		3953CBA52D64B4A600F18F56 = {
			isa = PBXGroup;
			children = (
				3953CBB02D64B4A600F18F56 /* UserManagerTymeX */,
				3953CBC72D64B4A800F18F56 /* UserManagerTymeXTests */,
				3953CBD12D64B4A800F18F56 /* UserManagerTymeXUITests */,
				3953CBAF2D64B4A600F18F56 /* Products */,
			);
			sourceTree = "<group>";
		};
		3953CBAF2D64B4A600F18F56 /* Products */ = {
			isa = PBXGroup;
			children = (
				3953CBAE2D64B4A600F18F56 /* UserManagerTymeX.app */,
				3953CBC42D64B4A800F18F56 /* UserManagerTymeXTests.xctest */,
				3953CBCE2D64B4A800F18F56 /* UserManagerTymeXUITests.xctest */,
			);
			name = Products;
			sourceTree = "<group>";
		};
/* End PBXGroup section */

/* Begin PBXNativeTarget section */
		3953CBAD2D64B4A600F18F56 /* UserManagerTymeX */ = {
			isa = PBXNativeTarget;
			buildConfigurationList = 3953CBD72D64B4A800F18F56 /* Build configuration list for PBXNativeTarget "UserManagerTymeX" */;
			buildPhases = (
				3953CBAA2D64B4A600F18F56 /* Sources */,
				3953CBAB2D64B4A600F18F56 /* Frameworks */,
				3953CBAC2D64B4A600F18F56 /* Resources */,
			);
			buildRules = (
			);
			dependencies = (
			);
			fileSystemSynchronizedGroups = (
				3953CBB02D64B4A600F18F56 /* UserManagerTymeX */,
			);
			name = UserManagerTymeX;
			packageProductDependencies = (
				3953CBFA2D64C04D00F18F56 /* Domain */,
			);
			productName = UserManagerTymeX;
			productReference = 3953CBAE2D64B4A600F18F56 /* UserManagerTymeX.app */;
			productType = "com.apple.product-type.application";
		};
		3953CBC32D64B4A800F18F56 /* UserManagerTymeXTests */ = {
			isa = PBXNativeTarget;
			buildConfigurationList = 3953CBDC2D64B4A800F18F56 /* Build configuration list for PBXNativeTarget "UserManagerTymeXTests" */;
			buildPhases = (
				3953CBC02D64B4A800F18F56 /* Sources */,
				3953CBC12D64B4A800F18F56 /* Frameworks */,
				3953CBC22D64B4A800F18F56 /* Resources */,
			);
			buildRules = (
			);
			dependencies = (
				3953CBC62D64B4A800F18F56 /* PBXTargetDependency */,
			);
			fileSystemSynchronizedGroups = (
				3953CBC72D64B4A800F18F56 /* UserManagerTymeXTests */,
			);
			name = UserManagerTymeXTests;
			packageProductDependencies = (
			);
			productName = UserManagerTymeXTests;
			productReference = 3953CBC42D64B4A800F18F56 /* UserManagerTymeXTests.xctest */;
			productType = "com.apple.product-type.bundle.unit-test";
		};
		3953CBCD2D64B4A800F18F56 /* UserManagerTymeXUITests */ = {
			isa = PBXNativeTarget;
			buildConfigurationList = 3953CBDF2D64B4A800F18F56 /* Build configuration list for PBXNativeTarget "UserManagerTymeXUITests" */;
			buildPhases = (
				3953CBCA2D64B4A800F18F56 /* Sources */,
				3953CBCB2D64B4A800F18F56 /* Frameworks */,
				3953CBCC2D64B4A800F18F56 /* Resources */,
			);
			buildRules = (
			);
			dependencies = (
				3953CBD02D64B4A800F18F56 /* PBXTargetDependency */,
			);
			fileSystemSynchronizedGroups = (
				3953CBD12D64B4A800F18F56 /* UserManagerTymeXUITests */,
			);
			name = UserManagerTymeXUITests;
			packageProductDependencies = (
			);
			productName = UserManagerTymeXUITests;
			productReference = 3953CBCE2D64B4A800F18F56 /* UserManagerTymeXUITests.xctest */;
			productType = "com.apple.product-type.bundle.ui-testing";
		};
/* End PBXNativeTarget section */

/* Begin PBXProject section */
		3953CBA62D64B4A600F18F56 /* Project object */ = {
			isa = PBXProject;
			attributes = {
				BuildIndependentTargetsInParallel = 1;
				LastSwiftUpdateCheck = 1620;
				LastUpgradeCheck = 1620;
				TargetAttributes = {
					3953CBAD2D64B4A600F18F56 = {
						CreatedOnToolsVersion = 16.2;
					};
					3953CBC32D64B4A800F18F56 = {
						CreatedOnToolsVersion = 16.2;
						TestTargetID = 3953CBAD2D64B4A600F18F56;
					};
					3953CBCD2D64B4A800F18F56 = {
						CreatedOnToolsVersion = 16.2;
						TestTargetID = 3953CBAD2D64B4A600F18F56;
					};
				};
			};
			buildConfigurationList = 3953CBA92D64B4A600F18F56 /* Build configuration list for PBXProject "UserManagerTymeX" */;
			developmentRegion = en;
			hasScannedForEncodings = 0;
			knownRegions = (
				en,
				Base,
			);
			mainGroup = 3953CBA52D64B4A600F18F56;
			minimizedProjectReferenceProxies = 1;
			packageReferences = (
				3953CBF92D64C04D00F18F56 /* XCLocalSwiftPackageReference "Package/Domain" */,
			);
			preferredProjectObjectVersion = 77;
			productRefGroup = 3953CBAF2D64B4A600F18F56 /* Products */;
			projectDirPath = "";
			projectRoot = "";
			targets = (
				3953CBAD2D64B4A600F18F56 /* UserManagerTymeX */,
				3953CBC32D64B4A800F18F56 /* UserManagerTymeXTests */,
				3953CBCD2D64B4A800F18F56 /* UserManagerTymeXUITests */,
			);
		};
/* End PBXProject section */

/* Begin PBXResourcesBuildPhase section */
		3953CBAC2D64B4A600F18F56 /* Resources */ = {
			isa = PBXResourcesBuildPhase;
			buildActionMask = 2147483647;
			files = (
			);
			runOnlyForDeploymentPostprocessing = 0;
		};
		3953CBC22D64B4A800F18F56 /* Resources */ = {
			isa = PBXResourcesBuildPhase;
			buildActionMask = 2147483647;
			files = (
			);
			runOnlyForDeploymentPostprocessing = 0;
		};
		3953CBCC2D64B4A800F18F56 /* Resources */ = {
			isa = PBXResourcesBuildPhase;
			buildActionMask = 2147483647;
			files = (
			);
			runOnlyForDeploymentPostprocessing = 0;
		};
/* End PBXResourcesBuildPhase section */

/* Begin PBXSourcesBuildPhase section */
		3953CBAA2D64B4A600F18F56 /* Sources */ = {
			isa = PBXSourcesBuildPhase;
			buildActionMask = 2147483647;
			files = (
			);
			runOnlyForDeploymentPostprocessing = 0;
		};
		3953CBC02D64B4A800F18F56 /* Sources */ = {
			isa = PBXSourcesBuildPhase;
			buildActionMask = 2147483647;
			files = (
			);
			runOnlyForDeploymentPostprocessing = 0;
		};
		3953CBCA2D64B4A800F18F56 /* Sources */ = {
			isa = PBXSourcesBuildPhase;
			buildActionMask = 2147483647;
			files = (
			);
			runOnlyForDeploymentPostprocessing = 0;
		};
/* End PBXSourcesBuildPhase section */

/* Begin PBXTargetDependency section */
		3953CBC62D64B4A800F18F56 /* PBXTargetDependency */ = {
			isa = PBXTargetDependency;
			target = 3953CBAD2D64B4A600F18F56 /* UserManagerTymeX */;
			targetProxy = 3953CBC52D64B4A800F18F56 /* PBXContainerItemProxy */;
		};
		3953CBD02D64B4A800F18F56 /* PBXTargetDependency */ = {
			isa = PBXTargetDependency;
			target = 3953CBAD2D64B4A600F18F56 /* UserManagerTymeX */;
			targetProxy = 3953CBCF2D64B4A800F18F56 /* PBXContainerItemProxy */;
		};
/* End PBXTargetDependency section */

/* Begin XCBuildConfiguration section */
		3953CBD82D64B4A800F18F56 /* Debug */ = {
			isa = XCBuildConfiguration;
			buildSettings = {
				ASSETCATALOG_COMPILER_APPICON_NAME = AppIcon;
				ASSETCATALOG_COMPILER_GLOBAL_ACCENT_COLOR_NAME = AccentColor;
				CODE_SIGN_STYLE = Automatic;
				CURRENT_PROJECT_VERSION = 1;
				DEVELOPMENT_TEAM = 383VC4V49H;
				GENERATE_INFOPLIST_FILE = YES;
				INFOPLIST_FILE = UserManagerTymeX/Info.plist;
				INFOPLIST_KEY_UIApplicationSupportsIndirectInputEvents = YES;
				INFOPLIST_KEY_UILaunchStoryboardName = LaunchScreen;
				INFOPLIST_KEY_UIMainStoryboardFile = Main;
				INFOPLIST_KEY_UISupportedInterfaceOrientations_iPad = "UIInterfaceOrientationPortrait UIInterfaceOrientationPortraitUpsideDown UIInterfaceOrientationLandscapeLeft UIInterfaceOrientationLandscapeRight";
				INFOPLIST_KEY_UISupportedInterfaceOrientations_iPhone = "UIInterfaceOrientationPortrait UIInterfaceOrientationLandscapeLeft UIInterfaceOrientationLandscapeRight";
				IPHONEOS_DEPLOYMENT_TARGET = 15.0;
				LD_RUNPATH_SEARCH_PATHS = (
					"$(inherited)",
					"@executable_path/Frameworks",
				);
				MARKETING_VERSION = 1.0;
				PRODUCT_BUNDLE_IDENTIFIER = com.tuannguyen.UserManagerTymeX;
				PRODUCT_NAME = "$(TARGET_NAME)";
				SWIFT_EMIT_LOC_STRINGS = YES;
				SWIFT_VERSION = 5.0;
				TARGETED_DEVICE_FAMILY = "1,2";
			};
			name = Debug;
		};
		3953CBD92D64B4A800F18F56 /* Release */ = {
			isa = XCBuildConfiguration;
			buildSettings = {
				ASSETCATALOG_COMPILER_APPICON_NAME = AppIcon;
				ASSETCATALOG_COMPILER_GLOBAL_ACCENT_COLOR_NAME = AccentColor;
				CODE_SIGN_STYLE = Automatic;
				CURRENT_PROJECT_VERSION = 1;
				DEVELOPMENT_TEAM = 383VC4V49H;
				GENERATE_INFOPLIST_FILE = YES;
				INFOPLIST_FILE = UserManagerTymeX/Info.plist;
				INFOPLIST_KEY_UIApplicationSupportsIndirectInputEvents = YES;
				INFOPLIST_KEY_UILaunchStoryboardName = LaunchScreen;
				INFOPLIST_KEY_UIMainStoryboardFile = Main;
				INFOPLIST_KEY_UISupportedInterfaceOrientations_iPad = "UIInterfaceOrientationPortrait UIInterfaceOrientationPortraitUpsideDown UIInterfaceOrientationLandscapeLeft UIInterfaceOrientationLandscapeRight";
				INFOPLIST_KEY_UISupportedInterfaceOrientations_iPhone = "UIInterfaceOrientationPortrait UIInterfaceOrientationLandscapeLeft UIInterfaceOrientationLandscapeRight";
				IPHONEOS_DEPLOYMENT_TARGET = 15.0;
				LD_RUNPATH_SEARCH_PATHS = (
					"$(inherited)",
					"@executable_path/Frameworks",
				);
				MARKETING_VERSION = 1.0;
				PRODUCT_BUNDLE_IDENTIFIER = com.tuannguyen.UserManagerTymeX;
				PRODUCT_NAME = "$(TARGET_NAME)";
				SWIFT_EMIT_LOC_STRINGS = YES;
				SWIFT_VERSION = 5.0;
				TARGETED_DEVICE_FAMILY = "1,2";
			};
			name = Release;
		};
		3953CBDA2D64B4A800F18F56 /* Debug */ = {
			isa = XCBuildConfiguration;
			buildSettings = {
				ALWAYS_SEARCH_USER_PATHS = NO;
				ASSETCATALOG_COMPILER_GENERATE_SWIFT_ASSET_SYMBOL_EXTENSIONS = YES;
				CLANG_ANALYZER_NONNULL = YES;
				CLANG_ANALYZER_NUMBER_OBJECT_CONVERSION = YES_AGGRESSIVE;
				CLANG_CXX_LANGUAGE_STANDARD = "gnu++20";
				CLANG_ENABLE_MODULES = YES;
				CLANG_ENABLE_OBJC_ARC = YES;
				CLANG_ENABLE_OBJC_WEAK = YES;
				CLANG_WARN_BLOCK_CAPTURE_AUTORELEASING = YES;
				CLANG_WARN_BOOL_CONVERSION = YES;
				CLANG_WARN_COMMA = YES;
				CLANG_WARN_CONSTANT_CONVERSION = YES;
				CLANG_WARN_DEPRECATED_OBJC_IMPLEMENTATIONS = YES;
				CLANG_WARN_DIRECT_OBJC_ISA_USAGE = YES_ERROR;
				CLANG_WARN_DOCUMENTATION_COMMENTS = YES;
				CLANG_WARN_EMPTY_BODY = YES;
				CLANG_WARN_ENUM_CONVERSION = YES;
				CLANG_WARN_INFINITE_RECURSION = YES;
				CLANG_WARN_INT_CONVERSION = YES;
				CLANG_WARN_NON_LITERAL_NULL_CONVERSION = YES;
				CLANG_WARN_OBJC_IMPLICIT_RETAIN_SELF = YES;
				CLANG_WARN_OBJC_LITERAL_CONVERSION = YES;
				CLANG_WARN_OBJC_ROOT_CLASS = YES_ERROR;
				CLANG_WARN_QUOTED_INCLUDE_IN_FRAMEWORK_HEADER = YES;
				CLANG_WARN_RANGE_LOOP_ANALYSIS = YES;
				CLANG_WARN_STRICT_PROTOTYPES = YES;
				CLANG_WARN_SUSPICIOUS_MOVE = YES;
				CLANG_WARN_UNGUARDED_AVAILABILITY = YES_AGGRESSIVE;
				CLANG_WARN_UNREACHABLE_CODE = YES;
				CLANG_WARN__DUPLICATE_METHOD_MATCH = YES;
				COPY_PHASE_STRIP = NO;
				DEBUG_INFORMATION_FORMAT = dwarf;
				ENABLE_STRICT_OBJC_MSGSEND = YES;
				ENABLE_TESTABILITY = YES;
				ENABLE_USER_SCRIPT_SANDBOXING = YES;
				GCC_C_LANGUAGE_STANDARD = gnu17;
				GCC_DYNAMIC_NO_PIC = NO;
				GCC_NO_COMMON_BLOCKS = YES;
				GCC_OPTIMIZATION_LEVEL = 0;
				GCC_PREPROCESSOR_DEFINITIONS = (
					"DEBUG=1",
					"$(inherited)",
				);
				GCC_WARN_64_TO_32_BIT_CONVERSION = YES;
				GCC_WARN_ABOUT_RETURN_TYPE = YES_ERROR;
				GCC_WARN_UNDECLARED_SELECTOR = YES;
				GCC_WARN_UNINITIALIZED_AUTOS = YES_AGGRESSIVE;
				GCC_WARN_UNUSED_FUNCTION = YES;
				GCC_WARN_UNUSED_VARIABLE = YES;
				IPHONEOS_DEPLOYMENT_TARGET = 18.2;
				LOCALIZATION_PREFERS_STRING_CATALOGS = YES;
				MTL_ENABLE_DEBUG_INFO = INCLUDE_SOURCE;
				MTL_FAST_MATH = YES;
				ONLY_ACTIVE_ARCH = YES;
				SDKROOT = iphoneos;
				SWIFT_ACTIVE_COMPILATION_CONDITIONS = "DEBUG $(inherited)";
				SWIFT_OPTIMIZATION_LEVEL = "-Onone";
			};
			name = Debug;
		};
		3953CBDB2D64B4A800F18F56 /* Release */ = {
			isa = XCBuildConfiguration;
			buildSettings = {
				ALWAYS_SEARCH_USER_PATHS = NO;
				ASSETCATALOG_COMPILER_GENERATE_SWIFT_ASSET_SYMBOL_EXTENSIONS = YES;
				CLANG_ANALYZER_NONNULL = YES;
				CLANG_ANALYZER_NUMBER_OBJECT_CONVERSION = YES_AGGRESSIVE;
				CLANG_CXX_LANGUAGE_STANDARD = "gnu++20";
				CLANG_ENABLE_MODULES = YES;
				CLANG_ENABLE_OBJC_ARC = YES;
				CLANG_ENABLE_OBJC_WEAK = YES;
				CLANG_WARN_BLOCK_CAPTURE_AUTORELEASING = YES;
				CLANG_WARN_BOOL_CONVERSION = YES;
				CLANG_WARN_COMMA = YES;
				CLANG_WARN_CONSTANT_CONVERSION = YES;
				CLANG_WARN_DEPRECATED_OBJC_IMPLEMENTATIONS = YES;
				CLANG_WARN_DIRECT_OBJC_ISA_USAGE = YES_ERROR;
				CLANG_WARN_DOCUMENTATION_COMMENTS = YES;
				CLANG_WARN_EMPTY_BODY = YES;
				CLANG_WARN_ENUM_CONVERSION = YES;
				CLANG_WARN_INFINITE_RECURSION = YES;
				CLANG_WARN_INT_CONVERSION = YES;
				CLANG_WARN_NON_LITERAL_NULL_CONVERSION = YES;
				CLANG_WARN_OBJC_IMPLICIT_RETAIN_SELF = YES;
				CLANG_WARN_OBJC_LITERAL_CONVERSION = YES;
				CLANG_WARN_OBJC_ROOT_CLASS = YES_ERROR;
				CLANG_WARN_QUOTED_INCLUDE_IN_FRAMEWORK_HEADER = YES;
				CLANG_WARN_RANGE_LOOP_ANALYSIS = YES;
				CLANG_WARN_STRICT_PROTOTYPES = YES;
				CLANG_WARN_SUSPICIOUS_MOVE = YES;
				CLANG_WARN_UNGUARDED_AVAILABILITY = YES_AGGRESSIVE;
				CLANG_WARN_UNREACHABLE_CODE = YES;
				CLANG_WARN__DUPLICATE_METHOD_MATCH = YES;
				COPY_PHASE_STRIP = NO;
				DEBUG_INFORMATION_FORMAT = "dwarf-with-dsym";
				ENABLE_NS_ASSERTIONS = NO;
				ENABLE_STRICT_OBJC_MSGSEND = YES;
				ENABLE_USER_SCRIPT_SANDBOXING = YES;
				GCC_C_LANGUAGE_STANDARD = gnu17;
				GCC_NO_COMMON_BLOCKS = YES;
				GCC_WARN_64_TO_32_BIT_CONVERSION = YES;
				GCC_WARN_ABOUT_RETURN_TYPE = YES_ERROR;
				GCC_WARN_UNDECLARED_SELECTOR = YES;
				GCC_WARN_UNINITIALIZED_AUTOS = YES_AGGRESSIVE;
				GCC_WARN_UNUSED_FUNCTION = YES;
				GCC_WARN_UNUSED_VARIABLE = YES;
				IPHONEOS_DEPLOYMENT_TARGET = 18.2;
				LOCALIZATION_PREFERS_STRING_CATALOGS = YES;
				MTL_ENABLE_DEBUG_INFO = NO;
				MTL_FAST_MATH = YES;
				SDKROOT = iphoneos;
				SWIFT_COMPILATION_MODE = wholemodule;
				VALIDATE_PRODUCT = YES;
			};
			name = Release;
		};
		3953CBDD2D64B4A800F18F56 /* Debug */ = {
			isa = XCBuildConfiguration;
			buildSettings = {
				BUNDLE_LOADER = "$(TEST_HOST)";
				CODE_SIGN_STYLE = Automatic;
				CURRENT_PROJECT_VERSION = 1;
				DEVELOPMENT_TEAM = 383VC4V49H;
				GENERATE_INFOPLIST_FILE = YES;
				IPHONEOS_DEPLOYMENT_TARGET = 18.2;
				MARKETING_VERSION = 1.0;
				PRODUCT_BUNDLE_IDENTIFIER = com.tuannguyen.UserManagerTymeXTests;
				PRODUCT_NAME = "$(TARGET_NAME)";
				SWIFT_EMIT_LOC_STRINGS = NO;
				SWIFT_VERSION = 5.0;
				TARGETED_DEVICE_FAMILY = "1,2";
				TEST_HOST = "$(BUILT_PRODUCTS_DIR)/UserManagerTymeX.app/$(BUNDLE_EXECUTABLE_FOLDER_PATH)/UserManagerTymeX";
			};
			name = Debug;
		};
		3953CBDE2D64B4A800F18F56 /* Release */ = {
			isa = XCBuildConfiguration;
			buildSettings = {
				BUNDLE_LOADER = "$(TEST_HOST)";
				CODE_SIGN_STYLE = Automatic;
				CURRENT_PROJECT_VERSION = 1;
				DEVELOPMENT_TEAM = 383VC4V49H;
				GENERATE_INFOPLIST_FILE = YES;
				IPHONEOS_DEPLOYMENT_TARGET = 18.2;
				MARKETING_VERSION = 1.0;
				PRODUCT_BUNDLE_IDENTIFIER = com.tuannguyen.UserManagerTymeXTests;
				PRODUCT_NAME = "$(TARGET_NAME)";
				SWIFT_EMIT_LOC_STRINGS = NO;
				SWIFT_VERSION = 5.0;
				TARGETED_DEVICE_FAMILY = "1,2";
				TEST_HOST = "$(BUILT_PRODUCTS_DIR)/UserManagerTymeX.app/$(BUNDLE_EXECUTABLE_FOLDER_PATH)/UserManagerTymeX";
			};
			name = Release;
		};
		3953CBE02D64B4A800F18F56 /* Debug */ = {
			isa = XCBuildConfiguration;
			buildSettings = {
				CODE_SIGN_STYLE = Automatic;
				CURRENT_PROJECT_VERSION = 1;
				DEVELOPMENT_TEAM = 383VC4V49H;
				GENERATE_INFOPLIST_FILE = YES;
				MARKETING_VERSION = 1.0;
				PRODUCT_BUNDLE_IDENTIFIER = com.tuannguyen.UserManagerTymeXUITests;
				PRODUCT_NAME = "$(TARGET_NAME)";
				SWIFT_EMIT_LOC_STRINGS = NO;
				SWIFT_VERSION = 5.0;
				TARGETED_DEVICE_FAMILY = "1,2";
				TEST_TARGET_NAME = UserManagerTymeX;
			};
			name = Debug;
		};
		3953CBE12D64B4A800F18F56 /* Release */ = {
			isa = XCBuildConfiguration;
			buildSettings = {
				CODE_SIGN_STYLE = Automatic;
				CURRENT_PROJECT_VERSION = 1;
				DEVELOPMENT_TEAM = 383VC4V49H;
				GENERATE_INFOPLIST_FILE = YES;
				MARKETING_VERSION = 1.0;
				PRODUCT_BUNDLE_IDENTIFIER = com.tuannguyen.UserManagerTymeXUITests;
				PRODUCT_NAME = "$(TARGET_NAME)";
				SWIFT_EMIT_LOC_STRINGS = NO;
				SWIFT_VERSION = 5.0;
				TARGETED_DEVICE_FAMILY = "1,2";
				TEST_TARGET_NAME = UserManagerTymeX;
			};
			name = Release;
		};
/* End XCBuildConfiguration section */

/* Begin XCConfigurationList section */
		3953CBA92D64B4A600F18F56 /* Build configuration list for PBXProject "UserManagerTymeX" */ = {
			isa = XCConfigurationList;
			buildConfigurations = (
				3953CBDA2D64B4A800F18F56 /* Debug */,
				3953CBDB2D64B4A800F18F56 /* Release */,
			);
			defaultConfigurationIsVisible = 0;
			defaultConfigurationName = Release;
		};
		3953CBD72D64B4A800F18F56 /* Build configuration list for PBXNativeTarget "UserManagerTymeX" */ = {
			isa = XCConfigurationList;
			buildConfigurations = (
				3953CBD82D64B4A800F18F56 /* Debug */,
				3953CBD92D64B4A800F18F56 /* Release */,
			);
			defaultConfigurationIsVisible = 0;
			defaultConfigurationName = Release;
		};
		3953CBDC2D64B4A800F18F56 /* Build configuration list for PBXNativeTarget "UserManagerTymeXTests" */ = {
			isa = XCConfigurationList;
			buildConfigurations = (
				3953CBDD2D64B4A800F18F56 /* Debug */,
				3953CBDE2D64B4A800F18F56 /* Release */,
			);
			defaultConfigurationIsVisible = 0;
			defaultConfigurationName = Release;
		};
		3953CBDF2D64B4A800F18F56 /* Build configuration list for PBXNativeTarget "UserManagerTymeXUITests" */ = {
			isa = XCConfigurationList;
			buildConfigurations = (
				3953CBE02D64B4A800F18F56 /* Debug */,
				3953CBE12D64B4A800F18F56 /* Release */,
			);
			defaultConfigurationIsVisible = 0;
			defaultConfigurationName = Release;
		};
/* End XCConfigurationList section */

/* Begin XCLocalSwiftPackageReference section */
		3953CBF92D64C04D00F18F56 /* XCLocalSwiftPackageReference "Package/Domain" */ = {
			isa = XCLocalSwiftPackageReference;
			relativePath = Package/Domain;
		};
/* End XCLocalSwiftPackageReference section */

/* Begin XCSwiftPackageProductDependency section */
		3953CBFA2D64C04D00F18F56 /* Domain */ = {
			isa = XCSwiftPackageProductDependency;
			productName = Domain;
		};
/* End XCSwiftPackageProductDependency section */
	};
	rootObject = 3953CBA62D64B4A600F18F56 /* Project object */;
}
